// !$*UTF8*$!
{
	archiveVersion = 1;
	classes = {
	};
	objectVersion = 56;
	objects = {

/* Begin PBXBuildFile section */
		063CDF752B4D93960008BB8F /* SimpleView.swift in Sources */ = {isa = PBXBuildFile; fileRef = 063CDF742B4D93960008BB8F /* SimpleView.swift */; };
		06454B712B581F2B008BEAAE /* TabDetail.swift in Sources */ = {isa = PBXBuildFile; fileRef = 06454B702B581F2B008BEAAE /* TabDetail.swift */; };
		065ABCD32B503081003BDE71 /* Onboarding.swift in Sources */ = {isa = PBXBuildFile; fileRef = 065ABCD22B503081003BDE71 /* Onboarding.swift */; };
		065ABCD62B5187A8003BDE71 /* ListLoop.swift in Sources */ = {isa = PBXBuildFile; fileRef = 065ABCD52B5187A8003BDE71 /* ListLoop.swift */; };
		065ABCD82B53A082003BDE71 /* Setting.swift in Sources */ = {isa = PBXBuildFile; fileRef = 065ABCD72B53A082003BDE71 /* Setting.swift */; };
		065ABCDB2B557F37003BDE71 /* Modal.swift in Sources */ = {isa = PBXBuildFile; fileRef = 065ABCDA2B557F36003BDE71 /* Modal.swift */; };
		065ABCDD2B56CEF1003BDE71 /* Detail.swift in Sources */ = {isa = PBXBuildFile; fileRef = 065ABCDC2B56CEF1003BDE71 /* Detail.swift */; };
		065ABCDF2B56D256003BDE71 /* Navigation.swift in Sources */ = {isa = PBXBuildFile; fileRef = 065ABCDE2B56D256003BDE71 /* Navigation.swift */; };
		065ABCE12B5817BA003BDE71 /* MyTab.swift in Sources */ = {isa = PBXBuildFile; fileRef = 065ABCE02B5817BA003BDE71 /* MyTab.swift */; };
		06692ADF2B4ED3B0007E30BE /* Layout.swift in Sources */ = {isa = PBXBuildFile; fileRef = 06692ADE2B4ED3B0007E30BE /* Layout.swift */; };
		06692AE22B4ED660007E30BE /* MyButton.swift in Sources */ = {isa = PBXBuildFile; fileRef = 06692AE12B4ED660007E30BE /* MyButton.swift */; };
		06692AE42B4EDD28007E30BE /* MyText.swift in Sources */ = {isa = PBXBuildFile; fileRef = 06692AE32B4EDD27007E30BE /* MyText.swift */; };
		06FB06262B4AE19C007C691D /* WarmUPApp.swift in Sources */ = {isa = PBXBuildFile; fileRef = 06FB06252B4AE19C007C691D /* WarmUPApp.swift */; };
		06FB06282B4AE19C007C691D /* ContentView.swift in Sources */ = {isa = PBXBuildFile; fileRef = 06FB06272B4AE19C007C691D /* ContentView.swift */; };
		06FB062A2B4AE1A0007C691D /* Assets.xcassets in Resources */ = {isa = PBXBuildFile; fileRef = 06FB06292B4AE1A0007C691D /* Assets.xcassets */; };
		06FB062D2B4AE1A0007C691D /* Preview Assets.xcassets in Resources */ = {isa = PBXBuildFile; fileRef = 06FB062C2B4AE1A0007C691D /* Preview Assets.xcassets */; };
/* End PBXBuildFile section */

/* Begin PBXFileReference section */
		063CDF742B4D93960008BB8F /* SimpleView.swift */ = {isa = PBXFileReference; lastKnownFileType = sourcecode.swift; path = SimpleView.swift; sourceTree = "<group>"; };
		06454B702B581F2B008BEAAE /* TabDetail.swift */ = {isa = PBXFileReference; lastKnownFileType = sourcecode.swift; path = TabDetail.swift; sourceTree = "<group>"; };
		065ABCD22B503081003BDE71 /* Onboarding.swift */ = {isa = PBXFileReference; lastKnownFileType = sourcecode.swift; path = Onboarding.swift; sourceTree = "<group>"; };
		065ABCD52B5187A8003BDE71 /* ListLoop.swift */ = {isa = PBXFileReference; lastKnownFileType = sourcecode.swift; path = ListLoop.swift; sourceTree = "<group>"; };
		065ABCD72B53A082003BDE71 /* Setting.swift */ = {isa = PBXFileReference; lastKnownFileType = sourcecode.swift; path = Setting.swift; sourceTree = "<group>"; };
		065ABCDA2B557F36003BDE71 /* Modal.swift */ = {isa = PBXFileReference; lastKnownFileType = sourcecode.swift; path = Modal.swift; sourceTree = "<group>"; };
		065ABCDC2B56CEF1003BDE71 /* Detail.swift */ = {isa = PBXFileReference; lastKnownFileType = sourcecode.swift; path = Detail.swift; sourceTree = "<group>"; };
		065ABCDE2B56D256003BDE71 /* Navigation.swift */ = {isa = PBXFileReference; lastKnownFileType = sourcecode.swift; path = Navigation.swift; sourceTree = "<group>"; };
		065ABCE02B5817BA003BDE71 /* MyTab.swift */ = {isa = PBXFileReference; lastKnownFileType = sourcecode.swift; path = MyTab.swift; sourceTree = "<group>"; };
		06692ADE2B4ED3B0007E30BE /* Layout.swift */ = {isa = PBXFileReference; lastKnownFileType = sourcecode.swift; path = Layout.swift; sourceTree = "<group>"; };
		06692AE12B4ED660007E30BE /* MyButton.swift */ = {isa = PBXFileReference; lastKnownFileType = sourcecode.swift; path = MyButton.swift; sourceTree = "<group>"; };
		06692AE32B4EDD27007E30BE /* MyText.swift */ = {isa = PBXFileReference; lastKnownFileType = sourcecode.swift; path = MyText.swift; sourceTree = "<group>"; };
		06FB06222B4AE19C007C691D /* WarmUP.app */ = {isa = PBXFileReference; explicitFileType = wrapper.application; includeInIndex = 0; path = WarmUP.app; sourceTree = BUILT_PRODUCTS_DIR; };
		06FB06252B4AE19C007C691D /* WarmUPApp.swift */ = {isa = PBXFileReference; lastKnownFileType = sourcecode.swift; path = WarmUPApp.swift; sourceTree = "<group>"; };
		06FB06272B4AE19C007C691D /* ContentView.swift */ = {isa = PBXFileReference; lastKnownFileType = sourcecode.swift; path = ContentView.swift; sourceTree = "<group>"; };
		06FB06292B4AE1A0007C691D /* Assets.xcassets */ = {isa = PBXFileReference; lastKnownFileType = folder.assetcatalog; path = Assets.xcassets; sourceTree = "<group>"; };
		06FB062C2B4AE1A0007C691D /* Preview Assets.xcassets */ = {isa = PBXFileReference; lastKnownFileType = folder.assetcatalog; path = "Preview Assets.xcassets"; sourceTree = "<group>"; };
/* End PBXFileReference section */

/* Begin PBXFrameworksBuildPhase section */
		06FB061F2B4AE19C007C691D /* Frameworks */ = {
			isa = PBXFrameworksBuildPhase;
			buildActionMask = 2147483647;
			files = (
			);
			runOnlyForDeploymentPostprocessing = 0;
		};
/* End PBXFrameworksBuildPhase section */

/* Begin PBXGroup section */
		065ABCD42B51878F003BDE71 /* 02 */ = {
			isa = PBXGroup;
			children = (
				065ABCD52B5187A8003BDE71 /* ListLoop.swift */,
				065ABCD72B53A082003BDE71 /* Setting.swift */,
			);
			path = 02;
			sourceTree = "<group>";
		};
		065ABCD92B557F1B003BDE71 /* 03 */ = {
			isa = PBXGroup;
			children = (
				065ABCDA2B557F36003BDE71 /* Modal.swift */,
				065ABCDC2B56CEF1003BDE71 /* Detail.swift */,
				065ABCDE2B56D256003BDE71 /* Navigation.swift */,
				065ABCE02B5817BA003BDE71 /* MyTab.swift */,
				06454B702B581F2B008BEAAE /* TabDetail.swift */,
			);
			path = 03;
			sourceTree = "<group>";
		};
		06692AE02B4ED3BD007E30BE /* 01 */ = {
			isa = PBXGroup;
			children = (
				063CDF742B4D93960008BB8F /* SimpleView.swift */,
				06692ADE2B4ED3B0007E30BE /* Layout.swift */,
				06692AE32B4EDD27007E30BE /* MyText.swift */,
				06692AE12B4ED660007E30BE /* MyButton.swift */,
				065ABCD22B503081003BDE71 /* Onboarding.swift */,
			);
			path = 01;
			sourceTree = "<group>";
		};
		06FB06192B4AE19C007C691D = {
			isa = PBXGroup;
			children = (
				06FB06242B4AE19C007C691D /* WarmUP */,
				06FB06232B4AE19C007C691D /* Products */,
			);
			sourceTree = "<group>";
		};
		06FB06232B4AE19C007C691D /* Products */ = {
			isa = PBXGroup;
			children = (
				06FB06222B4AE19C007C691D /* WarmUP.app */,
			);
			name = Products;
			sourceTree = "<group>";
		};
		06FB06242B4AE19C007C691D /* WarmUP */ = {
			isa = PBXGroup;
			children = (
				065ABCD92B557F1B003BDE71 /* 03 */,
				065ABCD42B51878F003BDE71 /* 02 */,
				06FB06252B4AE19C007C691D /* WarmUPApp.swift */,
				06FB06272B4AE19C007C691D /* ContentView.swift */,
				06FB06292B4AE1A0007C691D /* Assets.xcassets */,
				06FB062B2B4AE1A0007C691D /* Preview Content */,
				06692AE02B4ED3BD007E30BE /* 01 */,
			);
			path = WarmUP;
			sourceTree = "<group>";
		};
		06FB062B2B4AE1A0007C691D /* Preview Content */ = {
			isa = PBXGroup;
			children = (
				06FB062C2B4AE1A0007C691D /* Preview Assets.xcassets */,
			);
			path = "Preview Content";
			sourceTree = "<group>";
		};
/* End PBXGroup section */

/* Begin PBXNativeTarget section */
		06FB06212B4AE19C007C691D /* WarmUP */ = {
			isa = PBXNativeTarget;
			buildConfigurationList = 06FB06302B4AE1A0007C691D /* Build configuration list for PBXNativeTarget "WarmUP" */;
			buildPhases = (
				06FB061E2B4AE19C007C691D /* Sources */,
				06FB061F2B4AE19C007C691D /* Frameworks */,
				06FB06202B4AE19C007C691D /* Resources */,
			);
			buildRules = (
			);
			dependencies = (
			);
			name = WarmUP;
			productName = WarmUP;
			productReference = 06FB06222B4AE19C007C691D /* WarmUP.app */;
			productType = "com.apple.product-type.application";
		};
/* End PBXNativeTarget section */

/* Begin PBXProject section */
		06FB061A2B4AE19C007C691D /* Project object */ = {
			isa = PBXProject;
			attributes = {
				BuildIndependentTargetsInParallel = 1;
				LastSwiftUpdateCheck = 1510;
				LastUpgradeCheck = 1510;
				TargetAttributes = {
					06FB06212B4AE19C007C691D = {
						CreatedOnToolsVersion = 15.1;
					};
				};
			};
			buildConfigurationList = 06FB061D2B4AE19C007C691D /* Build configuration list for PBXProject "WarmUP" */;
			compatibilityVersion = "Xcode 14.0";
			developmentRegion = en;
			hasScannedForEncodings = 0;
			knownRegions = (
				en,
				Base,
			);
			mainGroup = 06FB06192B4AE19C007C691D;
			productRefGroup = 06FB06232B4AE19C007C691D /* Products */;
			projectDirPath = "";
			projectRoot = "";
			targets = (
				06FB06212B4AE19C007C691D /* WarmUP */,
			);
		};
/* End PBXProject section */

/* Begin PBXResourcesBuildPhase section */
		06FB06202B4AE19C007C691D /* Resources */ = {
			isa = PBXResourcesBuildPhase;
			buildActionMask = 2147483647;
			files = (
				06FB062D2B4AE1A0007C691D /* Preview Assets.xcassets in Resources */,
				06FB062A2B4AE1A0007C691D /* Assets.xcassets in Resources */,
			);
			runOnlyForDeploymentPostprocessing = 0;
		};
/* End PBXResourcesBuildPhase section */

/* Begin PBXSourcesBuildPhase section */
		06FB061E2B4AE19C007C691D /* Sources */ = {
			isa = PBXSourcesBuildPhase;
			buildActionMask = 2147483647;
			files = (
				06692AE42B4EDD28007E30BE /* MyText.swift in Sources */,
				065ABCDB2B557F37003BDE71 /* Modal.swift in Sources */,
				06FB06282B4AE19C007C691D /* ContentView.swift in Sources */,
				065ABCDF2B56D256003BDE71 /* Navigation.swift in Sources */,
				06454B712B581F2B008BEAAE /* TabDetail.swift in Sources */,
				06692ADF2B4ED3B0007E30BE /* Layout.swift in Sources */,
				065ABCD32B503081003BDE71 /* Onboarding.swift in Sources */,
				06692AE22B4ED660007E30BE /* MyButton.swift in Sources */,
				063CDF752B4D93960008BB8F /* SimpleView.swift in Sources */,
				065ABCE12B5817BA003BDE71 /* MyTab.swift in Sources */,
				06FB06262B4AE19C007C691D /* WarmUPApp.swift in Sources */,
				065ABCD62B5187A8003BDE71 /* ListLoop.swift in Sources */,
				065ABCDD2B56CEF1003BDE71 /* Detail.swift in Sources */,
				065ABCD82B53A082003BDE71 /* Setting.swift in Sources */,
			);
			runOnlyForDeploymentPostprocessing = 0;
		};
/* End PBXSourcesBuildPhase section */

/* Begin XCBuildConfiguration section */
		06FB062E2B4AE1A0007C691D /* Debug */ = {
			isa = XCBuildConfiguration;
			buildSettings = {
				ALWAYS_SEARCH_USER_PATHS = NO;
				ASSETCATALOG_COMPILER_GENERATE_SWIFT_ASSET_SYMBOL_EXTENSIONS = YES;
				CLANG_ANALYZER_NONNULL = YES;
				CLANG_ANALYZER_NUMBER_OBJECT_CONVERSION = YES_AGGRESSIVE;
				CLANG_CXX_LANGUAGE_STANDARD = "gnu++20";
				CLANG_ENABLE_MODULES = YES;
				CLANG_ENABLE_OBJC_ARC = YES;
				CLANG_ENABLE_OBJC_WEAK = YES;
				CLANG_WARN_BLOCK_CAPTURE_AUTORELEASING = YES;
				CLANG_WARN_BOOL_CONVERSION = YES;
				CLANG_WARN_COMMA = YES;
				CLANG_WARN_CONSTANT_CONVERSION = YES;
				CLANG_WARN_DEPRECATED_OBJC_IMPLEMENTATIONS = YES;
				CLANG_WARN_DIRECT_OBJC_ISA_USAGE = YES_ERROR;
				CLANG_WARN_DOCUMENTATION_COMMENTS = YES;
				CLANG_WARN_EMPTY_BODY = YES;
				CLANG_WARN_ENUM_CONVERSION = YES;
				CLANG_WARN_INFINITE_RECURSION = YES;
				CLANG_WARN_INT_CONVERSION = YES;
				CLANG_WARN_NON_LITERAL_NULL_CONVERSION = YES;
				CLANG_WARN_OBJC_IMPLICIT_RETAIN_SELF = YES;
				CLANG_WARN_OBJC_LITERAL_CONVERSION = YES;
				CLANG_WARN_OBJC_ROOT_CLASS = YES_ERROR;
				CLANG_WARN_QUOTED_INCLUDE_IN_FRAMEWORK_HEADER = YES;
				CLANG_WARN_RANGE_LOOP_ANALYSIS = YES;
				CLANG_WARN_STRICT_PROTOTYPES = YES;
				CLANG_WARN_SUSPICIOUS_MOVE = YES;
				CLANG_WARN_UNGUARDED_AVAILABILITY = YES_AGGRESSIVE;
				CLANG_WARN_UNREACHABLE_CODE = YES;
				CLANG_WARN__DUPLICATE_METHOD_MATCH = YES;
				COPY_PHASE_STRIP = NO;
				DEBUG_INFORMATION_FORMAT = dwarf;
				ENABLE_STRICT_OBJC_MSGSEND = YES;
				ENABLE_TESTABILITY = YES;
				ENABLE_USER_SCRIPT_SANDBOXING = YES;
				GCC_C_LANGUAGE_STANDARD = gnu17;
				GCC_DYNAMIC_NO_PIC = NO;
				GCC_NO_COMMON_BLOCKS = YES;
				GCC_OPTIMIZATION_LEVEL = 0;
				GCC_PREPROCESSOR_DEFINITIONS = (
					"DEBUG=1",
					"$(inherited)",
				);
				GCC_WARN_64_TO_32_BIT_CONVERSION = YES;
				GCC_WARN_ABOUT_RETURN_TYPE = YES_ERROR;
				GCC_WARN_UNDECLARED_SELECTOR = YES;
				GCC_WARN_UNINITIALIZED_AUTOS = YES_AGGRESSIVE;
				GCC_WARN_UNUSED_FUNCTION = YES;
				GCC_WARN_UNUSED_VARIABLE = YES;
				IPHONEOS_DEPLOYMENT_TARGET = 17.2;
				LOCALIZATION_PREFERS_STRING_CATALOGS = YES;
				MTL_ENABLE_DEBUG_INFO = INCLUDE_SOURCE;
				MTL_FAST_MATH = YES;
				ONLY_ACTIVE_ARCH = YES;
				SDKROOT = iphoneos;
				SWIFT_ACTIVE_COMPILATION_CONDITIONS = "DEBUG $(inherited)";
				SWIFT_OPTIMIZATION_LEVEL = "-Onone";
			};
			name = Debug;
		};
		06FB062F2B4AE1A0007C691D /* Release */ = {
			isa = XCBuildConfiguration;
			buildSettings = {
				ALWAYS_SEARCH_USER_PATHS = NO;
				ASSETCATALOG_COMPILER_GENERATE_SWIFT_ASSET_SYMBOL_EXTENSIONS = YES;
				CLANG_ANALYZER_NONNULL = YES;
				CLANG_ANALYZER_NUMBER_OBJECT_CONVERSION = YES_AGGRESSIVE;
				CLANG_CXX_LANGUAGE_STANDARD = "gnu++20";
				CLANG_ENABLE_MODULES = YES;
				CLANG_ENABLE_OBJC_ARC = YES;
				CLANG_ENABLE_OBJC_WEAK = YES;
				CLANG_WARN_BLOCK_CAPTURE_AUTORELEASING = YES;
				CLANG_WARN_BOOL_CONVERSION = YES;
				CLANG_WARN_COMMA = YES;
				CLANG_WARN_CONSTANT_CONVERSION = YES;
				CLANG_WARN_DEPRECATED_OBJC_IMPLEMENTATIONS = YES;
				CLANG_WARN_DIRECT_OBJC_ISA_USAGE = YES_ERROR;
				CLANG_WARN_DOCUMENTATION_COMMENTS = YES;
				CLANG_WARN_EMPTY_BODY = YES;
				CLANG_WARN_ENUM_CONVERSION = YES;
				CLANG_WARN_INFINITE_RECURSION = YES;
				CLANG_WARN_INT_CONVERSION = YES;
				CLANG_WARN_NON_LITERAL_NULL_CONVERSION = YES;
				CLANG_WARN_OBJC_IMPLICIT_RETAIN_SELF = YES;
				CLANG_WARN_OBJC_LITERAL_CONVERSION = YES;
				CLANG_WARN_OBJC_ROOT_CLASS = YES_ERROR;
				CLANG_WARN_QUOTED_INCLUDE_IN_FRAMEWORK_HEADER = YES;
				CLANG_WARN_RANGE_LOOP_ANALYSIS = YES;
				CLANG_WARN_STRICT_PROTOTYPES = YES;
				CLANG_WARN_SUSPICIOUS_MOVE = YES;
				CLANG_WARN_UNGUARDED_AVAILABILITY = YES_AGGRESSIVE;
				CLANG_WARN_UNREACHABLE_CODE = YES;
				CLANG_WARN__DUPLICATE_METHOD_MATCH = YES;
				COPY_PHASE_STRIP = NO;
				DEBUG_INFORMATION_FORMAT = "dwarf-with-dsym";
				ENABLE_NS_ASSERTIONS = NO;
				ENABLE_STRICT_OBJC_MSGSEND = YES;
				ENABLE_USER_SCRIPT_SANDBOXING = YES;
				GCC_C_LANGUAGE_STANDARD = gnu17;
				GCC_NO_COMMON_BLOCKS = YES;
				GCC_WARN_64_TO_32_BIT_CONVERSION = YES;
				GCC_WARN_ABOUT_RETURN_TYPE = YES_ERROR;
				GCC_WARN_UNDECLARED_SELECTOR = YES;
				GCC_WARN_UNINITIALIZED_AUTOS = YES_AGGRESSIVE;
				GCC_WARN_UNUSED_FUNCTION = YES;
				GCC_WARN_UNUSED_VARIABLE = YES;
				IPHONEOS_DEPLOYMENT_TARGET = 17.2;
				LOCALIZATION_PREFERS_STRING_CATALOGS = YES;
				MTL_ENABLE_DEBUG_INFO = NO;
				MTL_FAST_MATH = YES;
				SDKROOT = iphoneos;
				SWIFT_COMPILATION_MODE = wholemodule;
				VALIDATE_PRODUCT = YES;
			};
			name = Release;
		};
		06FB06312B4AE1A0007C691D /* Debug */ = {
			isa = XCBuildConfiguration;
			buildSettings = {
				ASSETCATALOG_COMPILER_APPICON_NAME = AppIcon;
				ASSETCATALOG_COMPILER_GLOBAL_ACCENT_COLOR_NAME = AccentColor;
				CODE_SIGN_STYLE = Automatic;
				CURRENT_PROJECT_VERSION = 1;
				DEVELOPMENT_ASSET_PATHS = "\"WarmUP/Preview Content\"";
				ENABLE_PREVIEWS = YES;
				GENERATE_INFOPLIST_FILE = YES;
				INFOPLIST_KEY_UIApplicationSceneManifest_Generation = YES;
				INFOPLIST_KEY_UIApplicationSupportsIndirectInputEvents = YES;
				INFOPLIST_KEY_UILaunchScreen_Generation = YES;
				INFOPLIST_KEY_UISupportedInterfaceOrientations_iPad = "UIInterfaceOrientationPortrait UIInterfaceOrientationPortraitUpsideDown UIInterfaceOrientationLandscapeLeft UIInterfaceOrientationLandscapeRight";
				INFOPLIST_KEY_UISupportedInterfaceOrientations_iPhone = "UIInterfaceOrientationPortrait UIInterfaceOrientationLandscapeLeft UIInterfaceOrientationLandscapeRight";
				LD_RUNPATH_SEARCH_PATHS = (
					"$(inherited)",
					"@executable_path/Frameworks",
				);
				MARKETING_VERSION = 1.0;
				PRODUCT_BUNDLE_IDENTIFIER = Dyani.WarmUP;
				PRODUCT_NAME = "$(TARGET_NAME)";
				SWIFT_EMIT_LOC_STRINGS = YES;
				SWIFT_VERSION = 5.0;
				TARGETED_DEVICE_FAMILY = "1,2";
			};
			name = Debug;
		};
		06FB06322B4AE1A0007C691D /* Release */ = {
			isa = XCBuildConfiguration;
			buildSettings = {
				ASSETCATALOG_COMPILER_APPICON_NAME = AppIcon;
				ASSETCATALOG_COMPILER_GLOBAL_ACCENT_COLOR_NAME = AccentColor;
				CODE_SIGN_STYLE = Automatic;
				CURRENT_PROJECT_VERSION = 1;
				DEVELOPMENT_ASSET_PATHS = "\"WarmUP/Preview Content\"";
				ENABLE_PREVIEWS = YES;
				GENERATE_INFOPLIST_FILE = YES;
				INFOPLIST_KEY_UIApplicationSceneManifest_Generation = YES;
				INFOPLIST_KEY_UIApplicationSupportsIndirectInputEvents = YES;
				INFOPLIST_KEY_UILaunchScreen_Generation = YES;
				INFOPLIST_KEY_UISupportedInterfaceOrientations_iPad = "UIInterfaceOrientationPortrait UIInterfaceOrientationPortraitUpsideDown UIInterfaceOrientationLandscapeLeft UIInterfaceOrientationLandscapeRight";
				INFOPLIST_KEY_UISupportedInterfaceOrientations_iPhone = "UIInterfaceOrientationPortrait UIInterfaceOrientationLandscapeLeft UIInterfaceOrientationLandscapeRight";
				LD_RUNPATH_SEARCH_PATHS = (
					"$(inherited)",
					"@executable_path/Frameworks",
				);
				MARKETING_VERSION = 1.0;
				PRODUCT_BUNDLE_IDENTIFIER = Dyani.WarmUP;
				PRODUCT_NAME = "$(TARGET_NAME)";
				SWIFT_EMIT_LOC_STRINGS = YES;
				SWIFT_VERSION = 5.0;
				TARGETED_DEVICE_FAMILY = "1,2";
			};
			name = Release;
		};
/* End XCBuildConfiguration section */

/* Begin XCConfigurationList section */
		06FB061D2B4AE19C007C691D /* Build configuration list for PBXProject "WarmUP" */ = {
			isa = XCConfigurationList;
			buildConfigurations = (
				06FB062E2B4AE1A0007C691D /* Debug */,
				06FB062F2B4AE1A0007C691D /* Release */,
			);
			defaultConfigurationIsVisible = 0;
			defaultConfigurationName = Release;
		};
		06FB06302B4AE1A0007C691D /* Build configuration list for PBXNativeTarget "WarmUP" */ = {
			isa = XCConfigurationList;
			buildConfigurations = (
				06FB06312B4AE1A0007C691D /* Debug */,
				06FB06322B4AE1A0007C691D /* Release */,
			);
			defaultConfigurationIsVisible = 0;
			defaultConfigurationName = Release;
		};
/* End XCConfigurationList section */
	};
	rootObject = 06FB061A2B4AE19C007C691D /* Project object */;
}
